
Microsoft Visual Studio Solution File, Format Version 12.00
# Visual Studio Version 16
VisualStudioVersion = 16.0.30320.27
MinimumVisualStudioVersion = 10.0.40219.1
Project("{9A19103F-16F7-4668-BE54-9A1E7A4F7556}") = "Domain", "Domain\Domain.csproj", "{C5A9DCFA-D8CB-48F9-B6C3-59B7DB286A15}"
EndProject
Project("{9A19103F-16F7-4668-BE54-9A1E7A4F7556}") = "Persistence", "Persistence\Persistence.csproj", "{0EBF33C9-6E03-498D-935D-B7A3FE0DA792}"
EndProject
Project("{9A19103F-16F7-4668-BE54-9A1E7A4F7556}") = "Application", "Application\Application.csproj", "{EFAE4324-2F33-4C94-815F-AFC43F18E811}"
EndProject
Project("{9A19103F-16F7-4668-BE54-9A1E7A4F7556}") = "API", "API\API.csproj", "{A1DC2557-9295-4699-8630-9117CF3A7111}"
EndProject
Project("{2150E333-8FDC-42A3-9474-1A3956D46DE8}") = "Solution Items", "Solution Items", "{E1A2A2BB-761A-4338-A927-173A6ABB2314}"
	ProjectSection(SolutionItems) = preProject
		.gitignore = .gitignore
	EndProjectSection
EndProject
Global
	GlobalSection(SolutionConfigurationPlatforms) = preSolution
		Debug|Any CPU = Debug|Any CPU
		Release|Any CPU = Release|Any CPU
	EndGlobalSection
	GlobalSection(ProjectConfigurationPlatforms) = postSolution
		{C5A9DCFA-D8CB-48F9-B6C3-59B7DB286A15}.Debug|Any CPU.ActiveCfg = Debug|Any CPU
		{C5A9DCFA-D8CB-48F9-B6C3-59B7DB286A15}.Debug|Any CPU.Build.0 = Debug|Any CPU
		{C5A9DCFA-D8CB-48F9-B6C3-59B7DB286A15}.Release|Any CPU.ActiveCfg = Release|Any CPU
		{C5A9DCFA-D8CB-48F9-B6C3-59B7DB286A15}.Release|Any CPU.Build.0 = Release|Any CPU
		{0EBF33C9-6E03-498D-935D-B7A3FE0DA792}.Debug|Any CPU.ActiveCfg = Debug|Any CPU
		{0EBF33C9-6E03-498D-935D-B7A3FE0DA792}.Debug|Any CPU.Build.0 = Debug|Any CPU
		{0EBF33C9-6E03-498D-935D-B7A3FE0DA792}.Release|Any CPU.ActiveCfg = Release|Any CPU
		{0EBF33C9-6E03-498D-935D-B7A3FE0DA792}.Release|Any CPU.Build.0 = Release|Any CPU
		{EFAE4324-2F33-4C94-815F-AFC43F18E811}.Debug|Any CPU.ActiveCfg = Debug|Any CPU
		{EFAE4324-2F33-4C94-815F-AFC43F18E811}.Debug|Any CPU.Build.0 = Debug|Any CPU
		{EFAE4324-2F33-4C94-815F-AFC43F18E811}.Release|Any CPU.ActiveCfg = Release|Any CPU
		{EFAE4324-2F33-4C94-815F-AFC43F18E811}.Release|Any CPU.Build.0 = Release|Any CPU
		{A1DC2557-9295-4699-8630-9117CF3A7111}.Debug|Any CPU.ActiveCfg = Debug|Any CPU
		{A1DC2557-9295-4699-8630-9117CF3A7111}.Debug|Any CPU.Build.0 = Debug|Any CPU
		{A1DC2557-9295-4699-8630-9117CF3A7111}.Release|Any CPU.ActiveCfg = Release|Any CPU
		{A1DC2557-9295-4699-8630-9117CF3A7111}.Release|Any CPU.Build.0 = Release|Any CPU
	EndGlobalSection
	GlobalSection(SolutionProperties) = preSolution
		HideSolutionNode = FALSE
	EndGlobalSection
	GlobalSection(ExtensibilityGlobals) = postSolution
		SolutionGuid = {1C54D736-A517-4C1C-8533-208EFB80FC85}
	EndGlobalSection
EndGlobal
